
Microsoft Visual Studio Solution File, Format Version 12.00
# Visual Studio 15
Project("{FAE04EC0-301F-11D3-BF4B-00C04F79EFBC}") = "Assembly-CSharp-firstpass", "Assembly-CSharp-firstpass.csproj", "{FDD96881-CC17-0F8D-4BBD-318813790010}"
EndProject
Project("{FAE04EC0-301F-11D3-BF4B-00C04F79EFBC}") = "Assembly-CSharp", "Assembly-CSharp.csproj", "{7302591B-0887-4CEF-0F3A-6B89AA32BEC1}"
EndProject
Global
	GlobalSection(SolutionConfigurationPlatforms) = preSolution
		Debug|Any CPU = Debug|Any CPU
		Release|Any CPU = Release|Any CPU
	EndGlobalSection
	GlobalSection(ProjectConfigurationPlatforms) = postSolution
		{FDD96881-CC17-0F8D-4BBD-318813790010}.Debug|Any CPU.ActiveCfg = Debug|Any CPU
		{FDD96881-CC17-0F8D-4BBD-318813790010}.Debug|Any CPU.Build.0 = Debug|Any CPU
		{FDD96881-CC17-0F8D-4BBD-318813790010}.Release|Any CPU.ActiveCfg = Release|Any CPU
		{FDD96881-CC17-0F8D-4BBD-318813790010}.Release|Any CPU.Build.0 = Release|Any CPU
		{7302591B-0887-4CEF-0F3A-6B89AA32BEC1}.Debug|Any CPU.ActiveCfg = Debug|Any CPU
		{7302591B-0887-4CEF-0F3A-6B89AA32BEC1}.Debug|Any CPU.Build.0 = Debug|Any CPU
		{7302591B-0887-4CEF-0F3A-6B89AA32BEC1}.Release|Any CPU.ActiveCfg = Release|Any CPU
		{7302591B-0887-4CEF-0F3A-6B89AA32BEC1}.Release|Any CPU.Build.0 = Release|Any CPU
	EndGlobalSection
	GlobalSection(SolutionProperties) = preSolution
		HideSolutionNode = FALSE
	EndGlobalSection
EndGlobal
